
Microsoft Visual Studio Solution File, Format Version 12.00
# Visual Studio Version 16
VisualStudioVersion = 16.0.31410.357
MinimumVisualStudioVersion = 10.0.40219.1
Project("{FAE04EC0-301F-11D3-BF4B-00C04F79EFBC}") = "AreaCalculetor", "AreaCalculetor\AreaCalculetor.csproj", "{3D4764F2-6A62-4AFF-AB8D-6197DEAC06D0}"
EndProject
Project("{FAE04EC0-301F-11D3-BF4B-00C04F79EFBC}") = "TestArea", "TestArea\TestArea.csproj", "{A5E44B6A-3D9C-47FC-A49F-77A6742BB066}"
EndProject
Global
	GlobalSection(SolutionConfigurationPlatforms) = preSolution
		Debug|Any CPU = Debug|Any CPU
		Release|Any CPU = Release|Any CPU
	EndGlobalSection
	GlobalSection(ProjectConfigurationPlatforms) = postSolution
		{3D4764F2-6A62-4AFF-AB8D-6197DEAC06D0}.Debug|Any CPU.ActiveCfg = Debug|Any CPU
		{3D4764F2-6A62-4AFF-AB8D-6197DEAC06D0}.Debug|Any CPU.Build.0 = Debug|Any CPU
		{3D4764F2-6A62-4AFF-AB8D-6197DEAC06D0}.Release|Any CPU.ActiveCfg = Release|Any CPU
		{3D4764F2-6A62-4AFF-AB8D-6197DEAC06D0}.Release|Any CPU.Build.0 = Release|Any CPU
		{A5E44B6A-3D9C-47FC-A49F-77A6742BB066}.Debug|Any CPU.ActiveCfg = Debug|Any CPU
		{A5E44B6A-3D9C-47FC-A49F-77A6742BB066}.Debug|Any CPU.Build.0 = Debug|Any CPU
		{A5E44B6A-3D9C-47FC-A49F-77A6742BB066}.Release|Any CPU.ActiveCfg = Release|Any CPU
		{A5E44B6A-3D9C-47FC-A49F-77A6742BB066}.Release|Any CPU.Build.0 = Release|Any CPU
	EndGlobalSection
	GlobalSection(SolutionProperties) = preSolution
		HideSolutionNode = FALSE
	EndGlobalSection
	GlobalSection(ExtensibilityGlobals) = postSolution
		SolutionGuid = {66FF58C5-18FC-45D0-ACF2-019257BAB56E}
	EndGlobalSection
EndGlobal
